
Microsoft Visual Studio Solution File, Format Version 12.00
# Visual Studio Version 16
VisualStudioVersion = 16.0.31424.327
MinimumVisualStudioVersion = 10.0.40219.1
Project("{FAE04EC0-301F-11D3-BF4B-00C04F79EFBC}") = "FunctionApp1", "FunctionApp1.csproj", "{4F230ECF-79DE-4F17-BBBC-752D04EE31F9}"
EndProject
Global
	GlobalSection(SolutionConfigurationPlatforms) = preSolution
		Debug|Any CPU = Debug|Any CPU
		Release|Any CPU = Release|Any CPU
	EndGlobalSection
	GlobalSection(ProjectConfigurationPlatforms) = postSolution
		{4F230ECF-79DE-4F17-BBBC-752D04EE31F9}.Debug|Any CPU.ActiveCfg = Debug|Any CPU
		{4F230ECF-79DE-4F17-BBBC-752D04EE31F9}.Debug|Any CPU.Build.0 = Debug|Any CPU
		{4F230ECF-79DE-4F17-BBBC-752D04EE31F9}.Release|Any CPU.ActiveCfg = Release|Any CPU
		{4F230ECF-79DE-4F17-BBBC-752D04EE31F9}.Release|Any CPU.Build.0 = Release|Any CPU
	EndGlobalSection
	GlobalSection(SolutionProperties) = preSolution
		HideSolutionNode = FALSE
	EndGlobalSection
	GlobalSection(ExtensibilityGlobals) = postSolution
		SolutionGuid = {116C3F15-13D4-417C-AD78-F8CAEB0F974D}
	EndGlobalSection
EndGlobal
